
Microsoft Visual Studio Solution File, Format Version 12.00
# Visual Studio Version 17
VisualStudioVersion = 17.14.36221.1 d17.14
MinimumVisualStudioVersion = 10.0.40219.1
Project("{FAE04EC0-301F-11D3-BF4B-00C04F79EFBC}") = "Bichos", "Bichos.csproj", "{F269423F-53BD-4201-ACD5-A830B6EDE2BF}"
EndProject
Global
	GlobalSection(SolutionConfigurationPlatforms) = preSolution
		Debug|Any CPU = Debug|Any CPU
		Release|Any CPU = Release|Any CPU
	EndGlobalSection
	GlobalSection(ProjectConfigurationPlatforms) = postSolution
		{F269423F-53BD-4201-ACD5-A830B6EDE2BF}.Debug|Any CPU.ActiveCfg = Debug|Any CPU
		{F269423F-53BD-4201-ACD5-A830B6EDE2BF}.Debug|Any CPU.Build.0 = Debug|Any CPU
		{F269423F-53BD-4201-ACD5-A830B6EDE2BF}.Release|Any CPU.ActiveCfg = Release|Any CPU
		{F269423F-53BD-4201-ACD5-A830B6EDE2BF}.Release|Any CPU.Build.0 = Release|Any CPU
	EndGlobalSection
	GlobalSection(SolutionProperties) = preSolution
		HideSolutionNode = FALSE
	EndGlobalSection
	GlobalSection(ExtensibilityGlobals) = postSolution
		SolutionGuid = {302FC209-E1A4-409C-B2BB-2F25C453AC25}
	EndGlobalSection
EndGlobal
